
Microsoft Visual Studio Solution File, Format Version 12.00
# Visual Studio Version 17
VisualStudioVersion = 17.8.34511.84
MinimumVisualStudioVersion = 10.0.40219.1
Project("{FAE04EC0-301F-11D3-BF4B-00C04F79EFBC}") = "WEB_HomieSeller", "WEB_HomieSeller\WEB_HomieSeller.csproj", "{AA4C74C6-D3AA-4F62-821F-DD356A656FB6}"
EndProject
Global
	GlobalSection(SolutionConfigurationPlatforms) = preSolution
		Debug|Any CPU = Debug|Any CPU
		Release|Any CPU = Release|Any CPU
	EndGlobalSection
	GlobalSection(ProjectConfigurationPlatforms) = postSolution
		{AA4C74C6-D3AA-4F62-821F-DD356A656FB6}.Debug|Any CPU.ActiveCfg = Debug|Any CPU
		{AA4C74C6-D3AA-4F62-821F-DD356A656FB6}.Debug|Any CPU.Build.0 = Debug|Any CPU
		{AA4C74C6-D3AA-4F62-821F-DD356A656FB6}.Release|Any CPU.ActiveCfg = Release|Any CPU
		{AA4C74C6-D3AA-4F62-821F-DD356A656FB6}.Release|Any CPU.Build.0 = Release|Any CPU
	EndGlobalSection
	GlobalSection(SolutionProperties) = preSolution
		HideSolutionNode = FALSE
	EndGlobalSection
	GlobalSection(ExtensibilityGlobals) = postSolution
		SolutionGuid = {600456F1-1773-48A7-B218-DF348E1B9EE9}
	EndGlobalSection
EndGlobal
